
Microsoft Visual Studio Solution File, Format Version 12.00
# Visual Studio Version 16
VisualStudioVersion = 16.0.29424.173
MinimumVisualStudioVersion = 10.0.40219.1
Project("{8BC9CEB8-8B4A-11D0-8D11-00A0C91BC942}") = "checkBrackets", "checkBrackets.vcxproj", "{084D2A0D-B8D2-404C-B276-9AEDCEBF1BDF}"
EndProject
Global
	GlobalSection(SolutionConfigurationPlatforms) = preSolution
		Debug|x64 = Debug|x64
		Debug|x86 = Debug|x86
		Release|x64 = Release|x64
		Release|x86 = Release|x86
	EndGlobalSection
	GlobalSection(ProjectConfigurationPlatforms) = postSolution
		{084D2A0D-B8D2-404C-B276-9AEDCEBF1BDF}.Debug|x64.ActiveCfg = Debug|x64
		{084D2A0D-B8D2-404C-B276-9AEDCEBF1BDF}.Debug|x64.Build.0 = Debug|x64
		{084D2A0D-B8D2-404C-B276-9AEDCEBF1BDF}.Debug|x86.ActiveCfg = Debug|Win32
		{084D2A0D-B8D2-404C-B276-9AEDCEBF1BDF}.Debug|x86.Build.0 = Debug|Win32
		{084D2A0D-B8D2-404C-B276-9AEDCEBF1BDF}.Release|x64.ActiveCfg = Release|x64
		{084D2A0D-B8D2-404C-B276-9AEDCEBF1BDF}.Release|x64.Build.0 = Release|x64
		{084D2A0D-B8D2-404C-B276-9AEDCEBF1BDF}.Release|x86.ActiveCfg = Release|Win32
		{084D2A0D-B8D2-404C-B276-9AEDCEBF1BDF}.Release|x86.Build.0 = Release|Win32
	EndGlobalSection
	GlobalSection(SolutionProperties) = preSolution
		HideSolutionNode = FALSE
	EndGlobalSection
	GlobalSection(ExtensibilityGlobals) = postSolution
		SolutionGuid = {8156C9A1-EE96-4E5A-8866-4FC42C0F6DC1}
	EndGlobalSection
EndGlobal
