
Microsoft Visual Studio Solution File, Format Version 12.00
# Visual Studio Version 16
VisualStudioVersion = 16.0.29424.173
MinimumVisualStudioVersion = 10.0.40219.1
Project("{8BC9CEB8-8B4A-11D0-8D11-00A0C91BC942}") = "minCoins", "minCoins.vcxproj", "{9DC940E0-EFA9-4262-9DAB-0E28663554EE}"
EndProject
Global
	GlobalSection(SolutionConfigurationPlatforms) = preSolution
		Debug|x64 = Debug|x64
		Debug|x86 = Debug|x86
		Release|x64 = Release|x64
		Release|x86 = Release|x86
	EndGlobalSection
	GlobalSection(ProjectConfigurationPlatforms) = postSolution
		{9DC940E0-EFA9-4262-9DAB-0E28663554EE}.Debug|x64.ActiveCfg = Debug|x64
		{9DC940E0-EFA9-4262-9DAB-0E28663554EE}.Debug|x64.Build.0 = Debug|x64
		{9DC940E0-EFA9-4262-9DAB-0E28663554EE}.Debug|x86.ActiveCfg = Debug|Win32
		{9DC940E0-EFA9-4262-9DAB-0E28663554EE}.Debug|x86.Build.0 = Debug|Win32
		{9DC940E0-EFA9-4262-9DAB-0E28663554EE}.Release|x64.ActiveCfg = Release|x64
		{9DC940E0-EFA9-4262-9DAB-0E28663554EE}.Release|x64.Build.0 = Release|x64
		{9DC940E0-EFA9-4262-9DAB-0E28663554EE}.Release|x86.ActiveCfg = Release|Win32
		{9DC940E0-EFA9-4262-9DAB-0E28663554EE}.Release|x86.Build.0 = Release|Win32
	EndGlobalSection
	GlobalSection(SolutionProperties) = preSolution
		HideSolutionNode = FALSE
	EndGlobalSection
	GlobalSection(ExtensibilityGlobals) = postSolution
		SolutionGuid = {6DFC1E41-8A88-4A3A-888D-DA3B451869F5}
	EndGlobalSection
EndGlobal
