
Microsoft Visual Studio Solution File, Format Version 12.00
# Visual Studio Version 16
VisualStudioVersion = 16.0.29424.173
MinimumVisualStudioVersion = 10.0.40219.1
Project("{8BC9CEB8-8B4A-11D0-8D11-00A0C91BC942}") = "BST", "BST.vcxproj", "{862D882B-D8DE-4803-A519-0991DBB91276}"
EndProject
Global
	GlobalSection(SolutionConfigurationPlatforms) = preSolution
		Debug|x64 = Debug|x64
		Debug|x86 = Debug|x86
		Release|x64 = Release|x64
		Release|x86 = Release|x86
	EndGlobalSection
	GlobalSection(ProjectConfigurationPlatforms) = postSolution
		{862D882B-D8DE-4803-A519-0991DBB91276}.Debug|x64.ActiveCfg = Debug|x64
		{862D882B-D8DE-4803-A519-0991DBB91276}.Debug|x64.Build.0 = Debug|x64
		{862D882B-D8DE-4803-A519-0991DBB91276}.Debug|x86.ActiveCfg = Debug|Win32
		{862D882B-D8DE-4803-A519-0991DBB91276}.Debug|x86.Build.0 = Debug|Win32
		{862D882B-D8DE-4803-A519-0991DBB91276}.Release|x64.ActiveCfg = Release|x64
		{862D882B-D8DE-4803-A519-0991DBB91276}.Release|x64.Build.0 = Release|x64
		{862D882B-D8DE-4803-A519-0991DBB91276}.Release|x86.ActiveCfg = Release|Win32
		{862D882B-D8DE-4803-A519-0991DBB91276}.Release|x86.Build.0 = Release|Win32
	EndGlobalSection
	GlobalSection(SolutionProperties) = preSolution
		HideSolutionNode = FALSE
	EndGlobalSection
	GlobalSection(ExtensibilityGlobals) = postSolution
		SolutionGuid = {A264D23E-4B50-467B-9B8D-4EE7139BCD42}
	EndGlobalSection
EndGlobal
